{
  "name": "lingodeutsch-worker",
  "version": "1.0.0",
  "lockfileVersion": 3,
  "requires": true,
  "packages": {
    "": {
      "name": "lingodeutsch-worker",
      "version": "1.0.0",
      "devDependencies": {
        "@cloudflare/workers-types": "^4.20241112.0"
      }
    },
    "node_modules/@cloudflare/workers-types": {
      "version": "4.20251111.0",
      "resolved": "https://registry.npmjs.org/@cloudflare/workers-types/-/workers-types-4.20251111.0.tgz",
      "integrity": "sha512-C8BgQRJlnxcUGycNr8pSKs7WBDQwc43p3pnuGv+Lc0KR2y6raR/9Rs7/lPqQ086ECYSiNqU6IPcbeszKbg4LXA==",
      "dev": true,
      "license": "MIT OR Apache-2.0"
    }
  }
}
